// !$*UTF8*$!
{
	archiveVersion = 1;
	classes = {
	};
	objectVersion = 56;
	objects = {

/* Begin PBXBuildFile section */
		C41C7D922E0361C20092337B /* EditGameView.swift in Sources */ = {isa = PBXBuildFile; fileRef = C41C7D912E0361C20092337B /* EditGameView.swift */; };
		C41C7D942E038C770092337B /* GameDetailView.swift in Sources */ = {isa = PBXBuildFile; fileRef = C41C7D932E038C770092337B /* GameDetailView.swift */; };
		C4F1A8622DF5969C00DA6B71 /* GameBacklogApp.swift in Sources */ = {isa = PBXBuildFile; fileRef = C4F1A8612DF5969C00DA6B71 /* GameBacklogApp.swift */; };
		C4F1A8662DF596A100DA6B71 /* Assets.xcassets in Resources */ = {isa = PBXBuildFile; fileRef = C4F1A8652DF596A100DA6B71 /* Assets.xcassets */; };
		C4F1A8692DF596A100DA6B71 /* Preview Assets.xcassets in Resources */ = {isa = PBXBuildFile; fileRef = C4F1A8682DF596A100DA6B71 /* Preview Assets.xcassets */; };
		C4F1A8752DF597ED00DA6B71 /* Game.swift in Sources */ = {isa = PBXBuildFile; fileRef = C4F1A8742DF597ED00DA6B71 /* Game.swift */; };
		C4F1A8772DF597FB00DA6B71 /* GameStatus.swift in Sources */ = {isa = PBXBuildFile; fileRef = C4F1A8762DF597FB00DA6B71 /* GameStatus.swift */; };
		C4F1A8792DF5981D00DA6B71 /* APIService.swift in Sources */ = {isa = PBXBuildFile; fileRef = C4F1A8782DF5981D00DA6B71 /* APIService.swift */; };
		C4F1A87B2DF599CD00DA6B71 /* GameListViewModel.swift in Sources */ = {isa = PBXBuildFile; fileRef = C4F1A87A2DF599CD00DA6B71 /* GameListViewModel.swift */; };
		C4F1A87D2DF599DA00DA6B71 /* GameListView.swift in Sources */ = {isa = PBXBuildFile; fileRef = C4F1A87C2DF599DA00DA6B71 /* GameListView.swift */; };
		C4F1A8812DF5D37700DA6B71 /* LoginView.swift in Sources */ = {isa = PBXBuildFile; fileRef = C4F1A8802DF5D37700DA6B71 /* LoginView.swift */; };
		C4F1A8832DF5D38900DA6B71 /* LoginViewModel.swift in Sources */ = {isa = PBXBuildFile; fileRef = C4F1A8822DF5D38900DA6B71 /* LoginViewModel.swift */; };
		C4F1A8852DF5D4A100DA6B71 /* AppState.swift in Sources */ = {isa = PBXBuildFile; fileRef = C4F1A8842DF5D4A100DA6B71 /* AppState.swift */; };
		C4F1A8872DF5D4D400DA6B71 /* User.swift in Sources */ = {isa = PBXBuildFile; fileRef = C4F1A8862DF5D4D400DA6B71 /* User.swift */; };
/* End PBXBuildFile section */

/* Begin PBXFileReference section */
		C41C7D912E0361C20092337B /* EditGameView.swift */ = {isa = PBXFileReference; lastKnownFileType = sourcecode.swift; path = EditGameView.swift; sourceTree = "<group>"; };
		C41C7D932E038C770092337B /* GameDetailView.swift */ = {isa = PBXFileReference; lastKnownFileType = sourcecode.swift; path = GameDetailView.swift; sourceTree = "<group>"; };
		C4F1A85E2DF5969C00DA6B71 /* GameBacklogApp.app */ = {isa = PBXFileReference; explicitFileType = wrapper.application; includeInIndex = 0; path = GameBacklogApp.app; sourceTree = BUILT_PRODUCTS_DIR; };
		C4F1A8612DF5969C00DA6B71 /* GameBacklogApp.swift */ = {isa = PBXFileReference; lastKnownFileType = sourcecode.swift; path = GameBacklogApp.swift; sourceTree = "<group>"; };
		C4F1A8652DF596A100DA6B71 /* Assets.xcassets */ = {isa = PBXFileReference; lastKnownFileType = folder.assetcatalog; path = Assets.xcassets; sourceTree = "<group>"; };
		C4F1A8682DF596A100DA6B71 /* Preview Assets.xcassets */ = {isa = PBXFileReference; lastKnownFileType = folder.assetcatalog; path = "Preview Assets.xcassets"; sourceTree = "<group>"; };
		C4F1A8742DF597ED00DA6B71 /* Game.swift */ = {isa = PBXFileReference; lastKnownFileType = sourcecode.swift; path = Game.swift; sourceTree = "<group>"; };
		C4F1A8762DF597FB00DA6B71 /* GameStatus.swift */ = {isa = PBXFileReference; lastKnownFileType = sourcecode.swift; path = GameStatus.swift; sourceTree = "<group>"; };
		C4F1A8782DF5981D00DA6B71 /* APIService.swift */ = {isa = PBXFileReference; lastKnownFileType = sourcecode.swift; path = APIService.swift; sourceTree = "<group>"; };
		C4F1A87A2DF599CD00DA6B71 /* GameListViewModel.swift */ = {isa = PBXFileReference; lastKnownFileType = sourcecode.swift; path = GameListViewModel.swift; sourceTree = "<group>"; };
		C4F1A87C2DF599DA00DA6B71 /* GameListView.swift */ = {isa = PBXFileReference; lastKnownFileType = sourcecode.swift; path = GameListView.swift; sourceTree = "<group>"; };
		C4F1A87E2DF5B2D400DA6B71 /* Info.plist */ = {isa = PBXFileReference; lastKnownFileType = text.plist.xml; path = Info.plist; sourceTree = "<group>"; };
		C4F1A8802DF5D37700DA6B71 /* LoginView.swift */ = {isa = PBXFileReference; lastKnownFileType = sourcecode.swift; path = LoginView.swift; sourceTree = "<group>"; };
		C4F1A8822DF5D38900DA6B71 /* LoginViewModel.swift */ = {isa = PBXFileReference; lastKnownFileType = sourcecode.swift; path = LoginViewModel.swift; sourceTree = "<group>"; };
		C4F1A8842DF5D4A100DA6B71 /* AppState.swift */ = {isa = PBXFileReference; lastKnownFileType = sourcecode.swift; path = AppState.swift; sourceTree = "<group>"; };
		C4F1A8862DF5D4D400DA6B71 /* User.swift */ = {isa = PBXFileReference; lastKnownFileType = sourcecode.swift; path = User.swift; sourceTree = "<group>"; };
/* End PBXFileReference section */

/* Begin PBXFrameworksBuildPhase section */
		C4F1A85B2DF5969C00DA6B71 /* Frameworks */ = {
			isa = PBXFrameworksBuildPhase;
			buildActionMask = 2147483647;
			files = (
			);
			runOnlyForDeploymentPostprocessing = 0;
		};
/* End PBXFrameworksBuildPhase section */

/* Begin PBXGroup section */
		C4F1A8552DF5969C00DA6B71 = {
			isa = PBXGroup;
			children = (
				C4F1A87E2DF5B2D400DA6B71 /* Info.plist */,
				C4F1A8602DF5969C00DA6B71 /* GameBacklogApp */,
				C4F1A85F2DF5969C00DA6B71 /* Products */,
			);
			sourceTree = "<group>";
		};
		C4F1A85F2DF5969C00DA6B71 /* Products */ = {
			isa = PBXGroup;
			children = (
				C4F1A85E2DF5969C00DA6B71 /* GameBacklogApp.app */,
			);
			name = Products;
			sourceTree = "<group>";
		};
		C4F1A8602DF5969C00DA6B71 /* GameBacklogApp */ = {
			isa = PBXGroup;
			children = (
				C4F1A8612DF5969C00DA6B71 /* GameBacklogApp.swift */,
				C4F1A8732DF596FA00DA6B71 /* Helpers */,
				C4F1A8722DF596F300DA6B71 /* ViewModels */,
				C4F1A8712DF596E600DA6B71 /* Views */,
				C4F1A8702DF596DE00DA6B71 /* Networking */,
				C4F1A86F2DF596CD00DA6B71 /* Models */,
				C4F1A8652DF596A100DA6B71 /* Assets.xcassets */,
				C4F1A8672DF596A100DA6B71 /* Preview Content */,
			);
			path = GameBacklogApp;
			sourceTree = "<group>";
		};
		C4F1A8672DF596A100DA6B71 /* Preview Content */ = {
			isa = PBXGroup;
			children = (
				C4F1A8682DF596A100DA6B71 /* Preview Assets.xcassets */,
			);
			path = "Preview Content";
			sourceTree = "<group>";
		};
		C4F1A86F2DF596CD00DA6B71 /* Models */ = {
			isa = PBXGroup;
			children = (
				C4F1A8742DF597ED00DA6B71 /* Game.swift */,
				C4F1A8842DF5D4A100DA6B71 /* AppState.swift */,
				C4F1A8762DF597FB00DA6B71 /* GameStatus.swift */,
				C4F1A8862DF5D4D400DA6B71 /* User.swift */,
			);
			path = Models;
			sourceTree = "<group>";
		};
		C4F1A8702DF596DE00DA6B71 /* Networking */ = {
			isa = PBXGroup;
			children = (
				C4F1A8782DF5981D00DA6B71 /* APIService.swift */,
			);
			path = Networking;
			sourceTree = "<group>";
		};
		C4F1A8712DF596E600DA6B71 /* Views */ = {
			isa = PBXGroup;
			children = (
				C4F1A8802DF5D37700DA6B71 /* LoginView.swift */,
				C41C7D912E0361C20092337B /* EditGameView.swift */,
				C4F1A87C2DF599DA00DA6B71 /* GameListView.swift */,
				C41C7D932E038C770092337B /* GameDetailView.swift */,
			);
			path = Views;
			sourceTree = "<group>";
		};
		C4F1A8722DF596F300DA6B71 /* ViewModels */ = {
			isa = PBXGroup;
			children = (
				C4F1A87A2DF599CD00DA6B71 /* GameListViewModel.swift */,
				C4F1A8822DF5D38900DA6B71 /* LoginViewModel.swift */,
			);
			path = ViewModels;
			sourceTree = "<group>";
		};
		C4F1A8732DF596FA00DA6B71 /* Helpers */ = {
			isa = PBXGroup;
			children = (
			);
			path = Helpers;
			sourceTree = "<group>";
		};
/* End PBXGroup section */

/* Begin PBXNativeTarget section */
		C4F1A85D2DF5969C00DA6B71 /* GameBacklogApp */ = {
			isa = PBXNativeTarget;
			buildConfigurationList = C4F1A86C2DF596A100DA6B71 /* Build configuration list for PBXNativeTarget "GameBacklogApp" */;
			buildPhases = (
				C4F1A85A2DF5969C00DA6B71 /* Sources */,
				C4F1A85B2DF5969C00DA6B71 /* Frameworks */,
				C4F1A85C2DF5969C00DA6B71 /* Resources */,
			);
			buildRules = (
			);
			dependencies = (
			);
			name = GameBacklogApp;
			productName = GameBacklogApp;
			productReference = C4F1A85E2DF5969C00DA6B71 /* GameBacklogApp.app */;
			productType = "com.apple.product-type.application";
		};
/* End PBXNativeTarget section */

/* Begin PBXProject section */
		C4F1A8562DF5969C00DA6B71 /* Project object */ = {
			isa = PBXProject;
			attributes = {
				BuildIndependentTargetsInParallel = 1;
				LastSwiftUpdateCheck = 1540;
				LastUpgradeCheck = 1540;
				TargetAttributes = {
					C4F1A85D2DF5969C00DA6B71 = {
						CreatedOnToolsVersion = 15.4;
					};
				};
			};
			buildConfigurationList = C4F1A8592DF5969C00DA6B71 /* Build configuration list for PBXProject "GameBacklogApp" */;
			compatibilityVersion = "Xcode 14.0";
			developmentRegion = en;
			hasScannedForEncodings = 0;
			knownRegions = (
				en,
				Base,
			);
			mainGroup = C4F1A8552DF5969C00DA6B71;
			productRefGroup = C4F1A85F2DF5969C00DA6B71 /* Products */;
			projectDirPath = "";
			projectRoot = "";
			targets = (
				C4F1A85D2DF5969C00DA6B71 /* GameBacklogApp */,
			);
		};
/* End PBXProject section */

/* Begin PBXResourcesBuildPhase section */
		C4F1A85C2DF5969C00DA6B71 /* Resources */ = {
			isa = PBXResourcesBuildPhase;
			buildActionMask = 2147483647;
			files = (
				C4F1A8692DF596A100DA6B71 /* Preview Assets.xcassets in Resources */,
				C4F1A8662DF596A100DA6B71 /* Assets.xcassets in Resources */,
			);
			runOnlyForDeploymentPostprocessing = 0;
		};
/* End PBXResourcesBuildPhase section */

/* Begin PBXSourcesBuildPhase section */
		C4F1A85A2DF5969C00DA6B71 /* Sources */ = {
			isa = PBXSourcesBuildPhase;
			buildActionMask = 2147483647;
			files = (
				C4F1A87B2DF599CD00DA6B71 /* GameListViewModel.swift in Sources */,
				C41C7D922E0361C20092337B /* EditGameView.swift in Sources */,
				C4F1A8812DF5D37700DA6B71 /* LoginView.swift in Sources */,
				C41C7D942E038C770092337B /* GameDetailView.swift in Sources */,
				C4F1A8622DF5969C00DA6B71 /* GameBacklogApp.swift in Sources */,
				C4F1A8852DF5D4A100DA6B71 /* AppState.swift in Sources */,
				C4F1A87D2DF599DA00DA6B71 /* GameListView.swift in Sources */,
				C4F1A8832DF5D38900DA6B71 /* LoginViewModel.swift in Sources */,
				C4F1A8772DF597FB00DA6B71 /* GameStatus.swift in Sources */,
				C4F1A8792DF5981D00DA6B71 /* APIService.swift in Sources */,
				C4F1A8872DF5D4D400DA6B71 /* User.swift in Sources */,
				C4F1A8752DF597ED00DA6B71 /* Game.swift in Sources */,
			);
			runOnlyForDeploymentPostprocessing = 0;
		};
/* End PBXSourcesBuildPhase section */

/* Begin XCBuildConfiguration section */
		C4F1A86A2DF596A100DA6B71 /* Debug */ = {
			isa = XCBuildConfiguration;
			buildSettings = {
				ALWAYS_SEARCH_USER_PATHS = NO;
				ASSETCATALOG_COMPILER_GENERATE_SWIFT_ASSET_SYMBOL_EXTENSIONS = YES;
				CLANG_ANALYZER_NONNULL = YES;
				CLANG_ANALYZER_NUMBER_OBJECT_CONVERSION = YES_AGGRESSIVE;
				CLANG_CXX_LANGUAGE_STANDARD = "gnu++20";
				CLANG_ENABLE_MODULES = YES;
				CLANG_ENABLE_OBJC_ARC = YES;
				CLANG_ENABLE_OBJC_WEAK = YES;
				CLANG_WARN_BLOCK_CAPTURE_AUTORELEASING = YES;
				CLANG_WARN_BOOL_CONVERSION = YES;
				CLANG_WARN_COMMA = YES;
				CLANG_WARN_CONSTANT_CONVERSION = YES;
				CLANG_WARN_DEPRECATED_OBJC_IMPLEMENTATIONS = YES;
				CLANG_WARN_DIRECT_OBJC_ISA_USAGE = YES_ERROR;
				CLANG_WARN_DOCUMENTATION_COMMENTS = YES;
				CLANG_WARN_EMPTY_BODY = YES;
				CLANG_WARN_ENUM_CONVERSION = YES;
				CLANG_WARN_INFINITE_RECURSION = YES;
				CLANG_WARN_INT_CONVERSION = YES;
				CLANG_WARN_NON_LITERAL_NULL_CONVERSION = YES;
				CLANG_WARN_OBJC_IMPLICIT_RETAIN_SELF = YES;
				CLANG_WARN_OBJC_LITERAL_CONVERSION = YES;
				CLANG_WARN_OBJC_ROOT_CLASS = YES_ERROR;
				CLANG_WARN_QUOTED_INCLUDE_IN_FRAMEWORK_HEADER = YES;
				CLANG_WARN_RANGE_LOOP_ANALYSIS = YES;
				CLANG_WARN_STRICT_PROTOTYPES = YES;
				CLANG_WARN_SUSPICIOUS_MOVE = YES;
				CLANG_WARN_UNGUARDED_AVAILABILITY = YES_AGGRESSIVE;
				CLANG_WARN_UNREACHABLE_CODE = YES;
				CLANG_WARN__DUPLICATE_METHOD_MATCH = YES;
				COPY_PHASE_STRIP = NO;
				DEBUG_INFORMATION_FORMAT = dwarf;
				ENABLE_STRICT_OBJC_MSGSEND = YES;
				ENABLE_TESTABILITY = YES;
				ENABLE_USER_SCRIPT_SANDBOXING = YES;
				GCC_C_LANGUAGE_STANDARD = gnu17;
				GCC_DYNAMIC_NO_PIC = NO;
				GCC_NO_COMMON_BLOCKS = YES;
				GCC_OPTIMIZATION_LEVEL = 0;
				GCC_PREPROCESSOR_DEFINITIONS = (
					"DEBUG=1",
					"$(inherited)",
				);
				GCC_WARN_64_TO_32_BIT_CONVERSION = YES;
				GCC_WARN_ABOUT_RETURN_TYPE = YES_ERROR;
				GCC_WARN_UNDECLARED_SELECTOR = YES;
				GCC_WARN_UNINITIALIZED_AUTOS = YES_AGGRESSIVE;
				GCC_WARN_UNUSED_FUNCTION = YES;
				GCC_WARN_UNUSED_VARIABLE = YES;
				IPHONEOS_DEPLOYMENT_TARGET = 17.5;
				LOCALIZATION_PREFERS_STRING_CATALOGS = YES;
				MTL_ENABLE_DEBUG_INFO = INCLUDE_SOURCE;
				MTL_FAST_MATH = YES;
				ONLY_ACTIVE_ARCH = YES;
				SDKROOT = iphoneos;
				SWIFT_ACTIVE_COMPILATION_CONDITIONS = "DEBUG $(inherited)";
				SWIFT_OPTIMIZATION_LEVEL = "-Onone";
			};
			name = Debug;
		};
		C4F1A86B2DF596A100DA6B71 /* Release */ = {
			isa = XCBuildConfiguration;
			buildSettings = {
				ALWAYS_SEARCH_USER_PATHS = NO;
				ASSETCATALOG_COMPILER_GENERATE_SWIFT_ASSET_SYMBOL_EXTENSIONS = YES;
				CLANG_ANALYZER_NONNULL = YES;
				CLANG_ANALYZER_NUMBER_OBJECT_CONVERSION = YES_AGGRESSIVE;
				CLANG_CXX_LANGUAGE_STANDARD = "gnu++20";
				CLANG_ENABLE_MODULES = YES;
				CLANG_ENABLE_OBJC_ARC = YES;
				CLANG_ENABLE_OBJC_WEAK = YES;
				CLANG_WARN_BLOCK_CAPTURE_AUTORELEASING = YES;
				CLANG_WARN_BOOL_CONVERSION = YES;
				CLANG_WARN_COMMA = YES;
				CLANG_WARN_CONSTANT_CONVERSION = YES;
				CLANG_WARN_DEPRECATED_OBJC_IMPLEMENTATIONS = YES;
				CLANG_WARN_DIRECT_OBJC_ISA_USAGE = YES_ERROR;
				CLANG_WARN_DOCUMENTATION_COMMENTS = YES;
				CLANG_WARN_EMPTY_BODY = YES;
				CLANG_WARN_ENUM_CONVERSION = YES;
				CLANG_WARN_INFINITE_RECURSION = YES;
				CLANG_WARN_INT_CONVERSION = YES;
				CLANG_WARN_NON_LITERAL_NULL_CONVERSION = YES;
				CLANG_WARN_OBJC_IMPLICIT_RETAIN_SELF = YES;
				CLANG_WARN_OBJC_LITERAL_CONVERSION = YES;
				CLANG_WARN_OBJC_ROOT_CLASS = YES_ERROR;
				CLANG_WARN_QUOTED_INCLUDE_IN_FRAMEWORK_HEADER = YES;
				CLANG_WARN_RANGE_LOOP_ANALYSIS = YES;
				CLANG_WARN_STRICT_PROTOTYPES = YES;
				CLANG_WARN_SUSPICIOUS_MOVE = YES;
				CLANG_WARN_UNGUARDED_AVAILABILITY = YES_AGGRESSIVE;
				CLANG_WARN_UNREACHABLE_CODE = YES;
				CLANG_WARN__DUPLICATE_METHOD_MATCH = YES;
				COPY_PHASE_STRIP = NO;
				DEBUG_INFORMATION_FORMAT = "dwarf-with-dsym";
				ENABLE_NS_ASSERTIONS = NO;
				ENABLE_STRICT_OBJC_MSGSEND = YES;
				ENABLE_USER_SCRIPT_SANDBOXING = YES;
				GCC_C_LANGUAGE_STANDARD = gnu17;
				GCC_NO_COMMON_BLOCKS = YES;
				GCC_WARN_64_TO_32_BIT_CONVERSION = YES;
				GCC_WARN_ABOUT_RETURN_TYPE = YES_ERROR;
				GCC_WARN_UNDECLARED_SELECTOR = YES;
				GCC_WARN_UNINITIALIZED_AUTOS = YES_AGGRESSIVE;
				GCC_WARN_UNUSED_FUNCTION = YES;
				GCC_WARN_UNUSED_VARIABLE = YES;
				IPHONEOS_DEPLOYMENT_TARGET = 17.5;
				LOCALIZATION_PREFERS_STRING_CATALOGS = YES;
				MTL_ENABLE_DEBUG_INFO = NO;
				MTL_FAST_MATH = YES;
				SDKROOT = iphoneos;
				SWIFT_COMPILATION_MODE = wholemodule;
				VALIDATE_PRODUCT = YES;
			};
			name = Release;
		};
		C4F1A86D2DF596A100DA6B71 /* Debug */ = {
			isa = XCBuildConfiguration;
			buildSettings = {
				ASSETCATALOG_COMPILER_APPICON_NAME = AppIcon;
				ASSETCATALOG_COMPILER_GLOBAL_ACCENT_COLOR_NAME = AccentColor;
				CODE_SIGN_STYLE = Automatic;
				CURRENT_PROJECT_VERSION = 1;
				DEVELOPMENT_ASSET_PATHS = "\"GameBacklogApp/Preview Content\"";
				DEVELOPMENT_TEAM = LQ43TS27BL;
				ENABLE_PREVIEWS = YES;
				GENERATE_INFOPLIST_FILE = YES;
				INFOPLIST_KEY_UIApplicationSceneManifest_Generation = YES;
				INFOPLIST_KEY_UIApplicationSupportsIndirectInputEvents = YES;
				INFOPLIST_KEY_UILaunchScreen_Generation = YES;
				INFOPLIST_KEY_UISupportedInterfaceOrientations_iPad = "UIInterfaceOrientationPortrait UIInterfaceOrientationPortraitUpsideDown UIInterfaceOrientationLandscapeLeft UIInterfaceOrientationLandscapeRight";
				INFOPLIST_KEY_UISupportedInterfaceOrientations_iPhone = "UIInterfaceOrientationPortrait UIInterfaceOrientationLandscapeLeft UIInterfaceOrientationLandscapeRight";
				LD_RUNPATH_SEARCH_PATHS = (
					"$(inherited)",
					"@executable_path/Frameworks",
				);
				MARKETING_VERSION = 1.0;
				PRODUCT_BUNDLE_IDENTIFIER = Yaroslav.GameBacklogApp;
				PRODUCT_NAME = "$(TARGET_NAME)";
				SWIFT_EMIT_LOC_STRINGS = YES;
				SWIFT_VERSION = 5.0;
				TARGETED_DEVICE_FAMILY = "1,2";
			};
			name = Debug;
		};
		C4F1A86E2DF596A100DA6B71 /* Release */ = {
			isa = XCBuildConfiguration;
			buildSettings = {
				ASSETCATALOG_COMPILER_APPICON_NAME = AppIcon;
				ASSETCATALOG_COMPILER_GLOBAL_ACCENT_COLOR_NAME = AccentColor;
				CODE_SIGN_STYLE = Automatic;
				CURRENT_PROJECT_VERSION = 1;
				DEVELOPMENT_ASSET_PATHS = "\"GameBacklogApp/Preview Content\"";
				DEVELOPMENT_TEAM = LQ43TS27BL;
				ENABLE_PREVIEWS = YES;
				GENERATE_INFOPLIST_FILE = YES;
				INFOPLIST_KEY_UIApplicationSceneManifest_Generation = YES;
				INFOPLIST_KEY_UIApplicationSupportsIndirectInputEvents = YES;
				INFOPLIST_KEY_UILaunchScreen_Generation = YES;
				INFOPLIST_KEY_UISupportedInterfaceOrientations_iPad = "UIInterfaceOrientationPortrait UIInterfaceOrientationPortraitUpsideDown UIInterfaceOrientationLandscapeLeft UIInterfaceOrientationLandscapeRight";
				INFOPLIST_KEY_UISupportedInterfaceOrientations_iPhone = "UIInterfaceOrientationPortrait UIInterfaceOrientationLandscapeLeft UIInterfaceOrientationLandscapeRight";
				LD_RUNPATH_SEARCH_PATHS = (
					"$(inherited)",
					"@executable_path/Frameworks",
				);
				MARKETING_VERSION = 1.0;
				PRODUCT_BUNDLE_IDENTIFIER = Yaroslav.GameBacklogApp;
				PRODUCT_NAME = "$(TARGET_NAME)";
				SWIFT_EMIT_LOC_STRINGS = YES;
				SWIFT_VERSION = 5.0;
				TARGETED_DEVICE_FAMILY = "1,2";
			};
			name = Release;
		};
/* End XCBuildConfiguration section */

/* Begin XCConfigurationList section */
		C4F1A8592DF5969C00DA6B71 /* Build configuration list for PBXProject "GameBacklogApp" */ = {
			isa = XCConfigurationList;
			buildConfigurations = (
				C4F1A86A2DF596A100DA6B71 /* Debug */,
				C4F1A86B2DF596A100DA6B71 /* Release */,
			);
			defaultConfigurationIsVisible = 0;
			defaultConfigurationName = Release;
		};
		C4F1A86C2DF596A100DA6B71 /* Build configuration list for PBXNativeTarget "GameBacklogApp" */ = {
			isa = XCConfigurationList;
			buildConfigurations = (
				C4F1A86D2DF596A100DA6B71 /* Debug */,
				C4F1A86E2DF596A100DA6B71 /* Release */,
			);
			defaultConfigurationIsVisible = 0;
			defaultConfigurationName = Release;
		};
/* End XCConfigurationList section */
	};
	rootObject = C4F1A8562DF5969C00DA6B71 /* Project object */;
}
